// !$*UTF8*$!
{
	archiveVersion = 1;
	classes = {
	};
	objectVersion = 48;
	objects = {

/* Begin PBXBuildFile section */
		F9D917DD1FAD5ABE009DC0CE /* AppDelegate.swift in Sources */ = {isa = PBXBuildFile; fileRef = F9D917DC1FAD5ABE009DC0CE /* AppDelegate.swift */; };
		F9D917DF1FAD5ABE009DC0CE /* ViewController.swift in Sources */ = {isa = PBXBuildFile; fileRef = F9D917DE1FAD5ABE009DC0CE /* ViewController.swift */; };
		F9D917E21FAD5ABE009DC0CE /* Main.storyboard in Resources */ = {isa = PBXBuildFile; fileRef = F9D917E01FAD5ABE009DC0CE /* Main.storyboard */; };
		F9D917E41FAD5ABE009DC0CE /* Assets.xcassets in Resources */ = {isa = PBXBuildFile; fileRef = F9D917E31FAD5ABE009DC0CE /* Assets.xcassets */; };
		F9D917E71FAD5ABE009DC0CE /* LaunchScreen.storyboard in Resources */ = {isa = PBXBuildFile; fileRef = F9D917E51FAD5ABE009DC0CE /* LaunchScreen.storyboard */; };
		F9D917F21FAD5ABE009DC0CE /* Demo1Tests.swift in Sources */ = {isa = PBXBuildFile; fileRef = F9D917F11FAD5ABE009DC0CE /* Demo1Tests.swift */; };
		F9D917FD1FAD5ABE009DC0CE /* Demo1UITests.swift in Sources */ = {isa = PBXBuildFile; fileRef = F9D917FC1FAD5ABE009DC0CE /* Demo1UITests.swift */; };
/* End PBXBuildFile section */

/* Begin PBXContainerItemProxy section */
		F9D917EE1FAD5ABE009DC0CE /* PBXContainerItemProxy */ = {
			isa = PBXContainerItemProxy;
			containerPortal = F9D917D11FAD5ABE009DC0CE /* Project object */;
			proxyType = 1;
			remoteGlobalIDString = F9D917D81FAD5ABE009DC0CE;
			remoteInfo = Demo1;
		};
		F9D917F91FAD5ABE009DC0CE /* PBXContainerItemProxy */ = {
			isa = PBXContainerItemProxy;
			containerPortal = F9D917D11FAD5ABE009DC0CE /* Project object */;
			proxyType = 1;
			remoteGlobalIDString = F9D917D81FAD5ABE009DC0CE;
			remoteInfo = Demo1;
		};
/* End PBXContainerItemProxy section */

/* Begin PBXFileReference section */
		F9D917D91FAD5ABE009DC0CE /* Demo1.app */ = {isa = PBXFileReference; explicitFileType = wrapper.application; includeInIndex = 0; path = Demo1.app; sourceTree = BUILT_PRODUCTS_DIR; };
		F9D917DC1FAD5ABE009DC0CE /* AppDelegate.swift */ = {isa = PBXFileReference; lastKnownFileType = sourcecode.swift; path = AppDelegate.swift; sourceTree = "<group>"; };
		F9D917DE1FAD5ABE009DC0CE /* ViewController.swift */ = {isa = PBXFileReference; lastKnownFileType = sourcecode.swift; path = ViewController.swift; sourceTree = "<group>"; };
		F9D917E11FAD5ABE009DC0CE /* Base */ = {isa = PBXFileReference; lastKnownFileType = file.storyboard; name = Base; path = Base.lproj/Main.storyboard; sourceTree = "<group>"; };
		F9D917E31FAD5ABE009DC0CE /* Assets.xcassets */ = {isa = PBXFileReference; lastKnownFileType = folder.assetcatalog; path = Assets.xcassets; sourceTree = "<group>"; };
		F9D917E61FAD5ABE009DC0CE /* Base */ = {isa = PBXFileReference; lastKnownFileType = file.storyboard; name = Base; path = Base.lproj/LaunchScreen.storyboard; sourceTree = "<group>"; };
		F9D917E81FAD5ABE009DC0CE /* Info.plist */ = {isa = PBXFileReference; lastKnownFileType = text.plist.xml; path = Info.plist; sourceTree = "<group>"; };
		F9D917ED1FAD5ABE009DC0CE /* Demo1Tests.xctest */ = {isa = PBXFileReference; explicitFileType = wrapper.cfbundle; includeInIndex = 0; path = Demo1Tests.xctest; sourceTree = BUILT_PRODUCTS_DIR; };
		F9D917F11FAD5ABE009DC0CE /* Demo1Tests.swift */ = {isa = PBXFileReference; lastKnownFileType = sourcecode.swift; path = Demo1Tests.swift; sourceTree = "<group>"; };
		F9D917F31FAD5ABE009DC0CE /* Info.plist */ = {isa = PBXFileReference; lastKnownFileType = text.plist.xml; path = Info.plist; sourceTree = "<group>"; };
		F9D917F81FAD5ABE009DC0CE /* Demo1UITests.xctest */ = {isa = PBXFileReference; explicitFileType = wrapper.cfbundle; includeInIndex = 0; path = Demo1UITests.xctest; sourceTree = BUILT_PRODUCTS_DIR; };
		F9D917FC1FAD5ABE009DC0CE /* Demo1UITests.swift */ = {isa = PBXFileReference; lastKnownFileType = sourcecode.swift; path = Demo1UITests.swift; sourceTree = "<group>"; };
		F9D917FE1FAD5ABE009DC0CE /* Info.plist */ = {isa = PBXFileReference; lastKnownFileType = text.plist.xml; path = Info.plist; sourceTree = "<group>"; };
/* End PBXFileReference section */

/* Begin PBXFrameworksBuildPhase section */
		F9D917D61FAD5ABE009DC0CE /* Frameworks */ = {
			isa = PBXFrameworksBuildPhase;
			buildActionMask = 2147483647;
			files = (
			);
			runOnlyForDeploymentPostprocessing = 0;
		};
		F9D917EA1FAD5ABE009DC0CE /* Frameworks */ = {
			isa = PBXFrameworksBuildPhase;
			buildActionMask = 2147483647;
			files = (
			);
			runOnlyForDeploymentPostprocessing = 0;
		};
		F9D917F51FAD5ABE009DC0CE /* Frameworks */ = {
			isa = PBXFrameworksBuildPhase;
			buildActionMask = 2147483647;
			files = (
			);
			runOnlyForDeploymentPostprocessing = 0;
		};
/* End PBXFrameworksBuildPhase section */

/* Begin PBXGroup section */
		F9D917D01FAD5ABE009DC0CE = {
			isa = PBXGroup;
			children = (
				F9D917DB1FAD5ABE009DC0CE /* Demo1 */,
				F9D917F01FAD5ABE009DC0CE /* Demo1Tests */,
				F9D917FB1FAD5ABE009DC0CE /* Demo1UITests */,
				F9D917DA1FAD5ABE009DC0CE /* Products */,
			);
			sourceTree = "<group>";
		};
		F9D917DA1FAD5ABE009DC0CE /* Products */ = {
			isa = PBXGroup;
			children = (
				F9D917D91FAD5ABE009DC0CE /* Demo1.app */,
				F9D917ED1FAD5ABE009DC0CE /* Demo1Tests.xctest */,
				F9D917F81FAD5ABE009DC0CE /* Demo1UITests.xctest */,
			);
			name = Products;
			sourceTree = "<group>";
		};
		F9D917DB1FAD5ABE009DC0CE /* Demo1 */ = {
			isa = PBXGroup;
			children = (
				F9D917DC1FAD5ABE009DC0CE /* AppDelegate.swift */,
				F9D917DE1FAD5ABE009DC0CE /* ViewController.swift */,
				F9D917E01FAD5ABE009DC0CE /* Main.storyboard */,
				F9D917E31FAD5ABE009DC0CE /* Assets.xcassets */,
				F9D917E51FAD5ABE009DC0CE /* LaunchScreen.storyboard */,
				F9D917E81FAD5ABE009DC0CE /* Info.plist */,
			);
			path = Demo1;
			sourceTree = "<group>";
		};
		F9D917F01FAD5ABE009DC0CE /* Demo1Tests */ = {
			isa = PBXGroup;
			children = (
				F9D917F11FAD5ABE009DC0CE /* Demo1Tests.swift */,
				F9D917F31FAD5ABE009DC0CE /* Info.plist */,
			);
			path = Demo1Tests;
			sourceTree = "<group>";
		};
		F9D917FB1FAD5ABE009DC0CE /* Demo1UITests */ = {
			isa = PBXGroup;
			children = (
				F9D917FC1FAD5ABE009DC0CE /* Demo1UITests.swift */,
				F9D917FE1FAD5ABE009DC0CE /* Info.plist */,
			);
			path = Demo1UITests;
			sourceTree = "<group>";
		};
/* End PBXGroup section */

/* Begin PBXNativeTarget section */
		F9D917D81FAD5ABE009DC0CE /* Demo1 */ = {
			isa = PBXNativeTarget;
			buildConfigurationList = F9D918011FAD5ABE009DC0CE /* Build configuration list for PBXNativeTarget "Demo1" */;
			buildPhases = (
				F9D917D51FAD5ABE009DC0CE /* Sources */,
				F9D917D61FAD5ABE009DC0CE /* Frameworks */,
				F9D917D71FAD5ABE009DC0CE /* Resources */,
			);
			buildRules = (
			);
			dependencies = (
			);
			name = Demo1;
			productName = Demo1;
			productReference = F9D917D91FAD5ABE009DC0CE /* Demo1.app */;
			productType = "com.apple.product-type.application";
		};
		F9D917EC1FAD5ABE009DC0CE /* Demo1Tests */ = {
			isa = PBXNativeTarget;
			buildConfigurationList = F9D918041FAD5ABE009DC0CE /* Build configuration list for PBXNativeTarget "Demo1Tests" */;
			buildPhases = (
				F9D917E91FAD5ABE009DC0CE /* Sources */,
				F9D917EA1FAD5ABE009DC0CE /* Frameworks */,
				F9D917EB1FAD5ABE009DC0CE /* Resources */,
			);
			buildRules = (
			);
			dependencies = (
				F9D917EF1FAD5ABE009DC0CE /* PBXTargetDependency */,
			);
			name = Demo1Tests;
			productName = Demo1Tests;
			productReference = F9D917ED1FAD5ABE009DC0CE /* Demo1Tests.xctest */;
			productType = "com.apple.product-type.bundle.unit-test";
		};
		F9D917F71FAD5ABE009DC0CE /* Demo1UITests */ = {
			isa = PBXNativeTarget;
			buildConfigurationList = F9D918071FAD5ABE009DC0CE /* Build configuration list for PBXNativeTarget "Demo1UITests" */;
			buildPhases = (
				F9D917F41FAD5ABE009DC0CE /* Sources */,
				F9D917F51FAD5ABE009DC0CE /* Frameworks */,
				F9D917F61FAD5ABE009DC0CE /* Resources */,
			);
			buildRules = (
			);
			dependencies = (
				F9D917FA1FAD5ABE009DC0CE /* PBXTargetDependency */,
			);
			name = Demo1UITests;
			productName = Demo1UITests;
			productReference = F9D917F81FAD5ABE009DC0CE /* Demo1UITests.xctest */;
			productType = "com.apple.product-type.bundle.ui-testing";
		};
/* End PBXNativeTarget section */

/* Begin PBXProject section */
		F9D917D11FAD5ABE009DC0CE /* Project object */ = {
			isa = PBXProject;
			attributes = {
				LastSwiftUpdateCheck = 0900;
				LastUpgradeCheck = 0900;
				ORGANIZATIONNAME = kwl;
				TargetAttributes = {
					F9D917D81FAD5ABE009DC0CE = {
						CreatedOnToolsVersion = 9.0;
						ProvisioningStyle = Automatic;
					};
					F9D917EC1FAD5ABE009DC0CE = {
						CreatedOnToolsVersion = 9.0;
						ProvisioningStyle = Automatic;
						TestTargetID = F9D917D81FAD5ABE009DC0CE;
					};
					F9D917F71FAD5ABE009DC0CE = {
						CreatedOnToolsVersion = 9.0;
						ProvisioningStyle = Automatic;
						TestTargetID = F9D917D81FAD5ABE009DC0CE;
					};
				};
			};
			buildConfigurationList = F9D917D41FAD5ABE009DC0CE /* Build configuration list for PBXProject "Demo1" */;
			compatibilityVersion = "Xcode 8.0";
			developmentRegion = en;
			hasScannedForEncodings = 0;
			knownRegions = (
				en,
				Base,
			);
			mainGroup = F9D917D01FAD5ABE009DC0CE;
			productRefGroup = F9D917DA1FAD5ABE009DC0CE /* Products */;
			projectDirPath = "";
			projectRoot = "";
			targets = (
				F9D917D81FAD5ABE009DC0CE /* Demo1 */,
				F9D917EC1FAD5ABE009DC0CE /* Demo1Tests */,
				F9D917F71FAD5ABE009DC0CE /* Demo1UITests */,
			);
		};
/* End PBXProject section */

/* Begin PBXResourcesBuildPhase section */
		F9D917D71FAD5ABE009DC0CE /* Resources */ = {
			isa = PBXResourcesBuildPhase;
			buildActionMask = 2147483647;
			files = (
				F9D917E71FAD5ABE009DC0CE /* LaunchScreen.storyboard in Resources */,
				F9D917E41FAD5ABE009DC0CE /* Assets.xcassets in Resources */,
				F9D917E21FAD5ABE009DC0CE /* Main.storyboard in Resources */,
			);
			runOnlyForDeploymentPostprocessing = 0;
		};
		F9D917EB1FAD5ABE009DC0CE /* Resources */ = {
			isa = PBXResourcesBuildPhase;
			buildActionMask = 2147483647;
			files = (
			);
			runOnlyForDeploymentPostprocessing = 0;
		};
		F9D917F61FAD5ABE009DC0CE /* Resources */ = {
			isa = PBXResourcesBuildPhase;
			buildActionMask = 2147483647;
			files = (
			);
			runOnlyForDeploymentPostprocessing = 0;
		};
/* End PBXResourcesBuildPhase section */

/* Begin PBXSourcesBuildPhase section */
		F9D917D51FAD5ABE009DC0CE /* Sources */ = {
			isa = PBXSourcesBuildPhase;
			buildActionMask = 2147483647;
			files = (
				F9D917DF1FAD5ABE009DC0CE /* ViewController.swift in Sources */,
				F9D917DD1FAD5ABE009DC0CE /* AppDelegate.swift in Sources */,
			);
			runOnlyForDeploymentPostprocessing = 0;
		};
		F9D917E91FAD5ABE009DC0CE /* Sources */ = {
			isa = PBXSourcesBuildPhase;
			buildActionMask = 2147483647;
			files = (
				F9D917F21FAD5ABE009DC0CE /* Demo1Tests.swift in Sources */,
			);
			runOnlyForDeploymentPostprocessing = 0;
		};
		F9D917F41FAD5ABE009DC0CE /* Sources */ = {
			isa = PBXSourcesBuildPhase;
			buildActionMask = 2147483647;
			files = (
				F9D917FD1FAD5ABE009DC0CE /* Demo1UITests.swift in Sources */,
			);
			runOnlyForDeploymentPostprocessing = 0;
		};
/* End PBXSourcesBuildPhase section */

/* Begin PBXTargetDependency section */
		F9D917EF1FAD5ABE009DC0CE /* PBXTargetDependency */ = {
			isa = PBXTargetDependency;
			target = F9D917D81FAD5ABE009DC0CE /* Demo1 */;
			targetProxy = F9D917EE1FAD5ABE009DC0CE /* PBXContainerItemProxy */;
		};
		F9D917FA1FAD5ABE009DC0CE /* PBXTargetDependency */ = {
			isa = PBXTargetDependency;
			target = F9D917D81FAD5ABE009DC0CE /* Demo1 */;
			targetProxy = F9D917F91FAD5ABE009DC0CE /* PBXContainerItemProxy */;
		};
/* End PBXTargetDependency section */

/* Begin PBXVariantGroup section */
		F9D917E01FAD5ABE009DC0CE /* Main.storyboard */ = {
			isa = PBXVariantGroup;
			children = (
				F9D917E11FAD5ABE009DC0CE /* Base */,
			);
			name = Main.storyboard;
			sourceTree = "<group>";
		};
		F9D917E51FAD5ABE009DC0CE /* LaunchScreen.storyboard */ = {
			isa = PBXVariantGroup;
			children = (
				F9D917E61FAD5ABE009DC0CE /* Base */,
			);
			name = LaunchScreen.storyboard;
			sourceTree = "<group>";
		};
/* End PBXVariantGroup section */

/* Begin XCBuildConfiguration section */
		F9D917FF1FAD5ABE009DC0CE /* Debug */ = {
			isa = XCBuildConfiguration;
			buildSettings = {
				ALWAYS_SEARCH_USER_PATHS = NO;
				CLANG_ANALYZER_NONNULL = YES;
				CLANG_ANALYZER_NUMBER_OBJECT_CONVERSION = YES_AGGRESSIVE;
				CLANG_CXX_LANGUAGE_STANDARD = "gnu++14";
				CLANG_CXX_LIBRARY = "libc++";
				CLANG_ENABLE_MODULES = YES;
				CLANG_ENABLE_OBJC_ARC = YES;
				CLANG_WARN_BLOCK_CAPTURE_AUTORELEASING = YES;
				CLANG_WARN_BOOL_CONVERSION = YES;
				CLANG_WARN_COMMA = YES;
				CLANG_WARN_CONSTANT_CONVERSION = YES;
				CLANG_WARN_DIRECT_OBJC_ISA_USAGE = YES_ERROR;
				CLANG_WARN_DOCUMENTATION_COMMENTS = YES;
				CLANG_WARN_EMPTY_BODY = YES;
				CLANG_WARN_ENUM_CONVERSION = YES;
				CLANG_WARN_INFINITE_RECURSION = YES;
				CLANG_WARN_INT_CONVERSION = YES;
				CLANG_WARN_NON_LITERAL_NULL_CONVERSION = YES;
				CLANG_WARN_OBJC_LITERAL_CONVERSION = YES;
				CLANG_WARN_OBJC_ROOT_CLASS = YES_ERROR;
				CLANG_WARN_RANGE_LOOP_ANALYSIS = YES;
				CLANG_WARN_STRICT_PROTOTYPES = YES;
				CLANG_WARN_SUSPICIOUS_MOVE = YES;
				CLANG_WARN_UNGUARDED_AVAILABILITY = YES_AGGRESSIVE;
				CLANG_WARN_UNREACHABLE_CODE = YES;
				CLANG_WARN__DUPLICATE_METHOD_MATCH = YES;
				CODE_SIGN_IDENTITY = "iPhone Developer";
				COPY_PHASE_STRIP = NO;
				DEBUG_INFORMATION_FORMAT = dwarf;
				ENABLE_STRICT_OBJC_MSGSEND = YES;
				ENABLE_TESTABILITY = YES;
				GCC_C_LANGUAGE_STANDARD = gnu11;
				GCC_DYNAMIC_NO_PIC = NO;
				GCC_NO_COMMON_BLOCKS = YES;
				GCC_OPTIMIZATION_LEVEL = 0;
				GCC_PREPROCESSOR_DEFINITIONS = (
					"DEBUG=1",
					"$(inherited)",
				);
				GCC_WARN_64_TO_32_BIT_CONVERSION = YES;
				GCC_WARN_ABOUT_RETURN_TYPE = YES_ERROR;
				GCC_WARN_UNDECLARED_SELECTOR = YES;
				GCC_WARN_UNINITIALIZED_AUTOS = YES_AGGRESSIVE;
				GCC_WARN_UNUSED_FUNCTION = YES;
				GCC_WARN_UNUSED_VARIABLE = YES;
				IPHONEOS_DEPLOYMENT_TARGET = 11.0;
				MTL_ENABLE_DEBUG_INFO = YES;
				ONLY_ACTIVE_ARCH = YES;
				SDKROOT = iphoneos;
				SWIFT_ACTIVE_COMPILATION_CONDITIONS = DEBUG;
				SWIFT_OPTIMIZATION_LEVEL = "-Onone";
			};
			name = Debug;
		};
		F9D918001FAD5ABE009DC0CE /* Release */ = {
			isa = XCBuildConfiguration;
			buildSettings = {
				ALWAYS_SEARCH_USER_PATHS = NO;
				CLANG_ANALYZER_NONNULL = YES;
				CLANG_ANALYZER_NUMBER_OBJECT_CONVERSION = YES_AGGRESSIVE;
				CLANG_CXX_LANGUAGE_STANDARD = "gnu++14";
				CLANG_CXX_LIBRARY = "libc++";
				CLANG_ENABLE_MODULES = YES;
				CLANG_ENABLE_OBJC_ARC = YES;
				CLANG_WARN_BLOCK_CAPTURE_AUTORELEASING = YES;
				CLANG_WARN_BOOL_CONVERSION = YES;
				CLANG_WARN_COMMA = YES;
				CLANG_WARN_CONSTANT_CONVERSION = YES;
				CLANG_WARN_DIRECT_OBJC_ISA_USAGE = YES_ERROR;
				CLANG_WARN_DOCUMENTATION_COMMENTS = YES;
				CLANG_WARN_EMPTY_BODY = YES;
				CLANG_WARN_ENUM_CONVERSION = YES;
				CLANG_WARN_INFINITE_RECURSION = YES;
				CLANG_WARN_INT_CONVERSION = YES;
				CLANG_WARN_NON_LITERAL_NULL_CONVERSION = YES;
				CLANG_WARN_OBJC_LITERAL_CONVERSION = YES;
				CLANG_WARN_OBJC_ROOT_CLASS = YES_ERROR;
				CLANG_WARN_RANGE_LOOP_ANALYSIS = YES;
				CLANG_WARN_STRICT_PROTOTYPES = YES;
				CLANG_WARN_SUSPICIOUS_MOVE = YES;
				CLANG_WARN_UNGUARDED_AVAILABILITY = YES_AGGRESSIVE;
				CLANG_WARN_UNREACHABLE_CODE = YES;
				CLANG_WARN__DUPLICATE_METHOD_MATCH = YES;
				CODE_SIGN_IDENTITY = "iPhone Developer";
				COPY_PHASE_STRIP = NO;
				DEBUG_INFORMATION_FORMAT = "dwarf-with-dsym";
				ENABLE_NS_ASSERTIONS = NO;
				ENABLE_STRICT_OBJC_MSGSEND = YES;
				GCC_C_LANGUAGE_STANDARD = gnu11;
				GCC_NO_COMMON_BLOCKS = YES;
				GCC_WARN_64_TO_32_BIT_CONVERSION = YES;
				GCC_WARN_ABOUT_RETURN_TYPE = YES_ERROR;
				GCC_WARN_UNDECLARED_SELECTOR = YES;
				GCC_WARN_UNINITIALIZED_AUTOS = YES_AGGRESSIVE;
				GCC_WARN_UNUSED_FUNCTION = YES;
				GCC_WARN_UNUSED_VARIABLE = YES;
				IPHONEOS_DEPLOYMENT_TARGET = 11.0;
				MTL_ENABLE_DEBUG_INFO = NO;
				SDKROOT = iphoneos;
				SWIFT_OPTIMIZATION_LEVEL = "-Owholemodule";
				VALIDATE_PRODUCT = YES;
			};
			name = Release;
		};
		F9D918021FAD5ABE009DC0CE /* Debug */ = {
			isa = XCBuildConfiguration;
			buildSettings = {
				ASSETCATALOG_COMPILER_APPICON_NAME = AppIcon;
				CODE_SIGN_STYLE = Automatic;
				DEVELOPMENT_TEAM = Y792TLGM53;
				INFOPLIST_FILE = Demo1/Info.plist;
				LD_RUNPATH_SEARCH_PATHS = "$(inherited) @executable_path/Frameworks";
				PRODUCT_BUNDLE_IDENTIFIER = "kwl-2017.Demo1";
				PRODUCT_NAME = "$(TARGET_NAME)";
				SWIFT_VERSION = 4.0;
				TARGETED_DEVICE_FAMILY = "1,2";
			};
			name = Debug;
		};
		F9D918031FAD5ABE009DC0CE /* Release */ = {
			isa = XCBuildConfiguration;
			buildSettings = {
				ASSETCATALOG_COMPILER_APPICON_NAME = AppIcon;
				CODE_SIGN_STYLE = Automatic;
				DEVELOPMENT_TEAM = Y792TLGM53;
				INFOPLIST_FILE = Demo1/Info.plist;
				LD_RUNPATH_SEARCH_PATHS = "$(inherited) @executable_path/Frameworks";
				PRODUCT_BUNDLE_IDENTIFIER = "kwl-2017.Demo1";
				PRODUCT_NAME = "$(TARGET_NAME)";
				SWIFT_VERSION = 4.0;
				TARGETED_DEVICE_FAMILY = "1,2";
			};
			name = Release;
		};
		F9D918051FAD5ABE009DC0CE /* Debug */ = {
			isa = XCBuildConfiguration;
			buildSettings = {
				ALWAYS_EMBED_SWIFT_STANDARD_LIBRARIES = YES;
				BUNDLE_LOADER = "$(TEST_HOST)";
				CODE_SIGN_STYLE = Automatic;
				DEVELOPMENT_TEAM = Y792TLGM53;
				INFOPLIST_FILE = Demo1Tests/Info.plist;
				LD_RUNPATH_SEARCH_PATHS = "$(inherited) @executable_path/Frameworks @loader_path/Frameworks";
				PRODUCT_BUNDLE_IDENTIFIER = "kwl-2017.Demo1Tests";
				PRODUCT_NAME = "$(TARGET_NAME)";
				SWIFT_VERSION = 4.0;
				TARGETED_DEVICE_FAMILY = "1,2";
				TEST_HOST = "$(BUILT_PRODUCTS_DIR)/Demo1.app/Demo1";
			};
			name = Debug;
		};
		F9D918061FAD5ABE009DC0CE /* Release */ = {
			isa = XCBuildConfiguration;
			buildSettings = {
				ALWAYS_EMBED_SWIFT_STANDARD_LIBRARIES = YES;
				BUNDLE_LOADER = "$(TEST_HOST)";
				CODE_SIGN_STYLE = Automatic;
				DEVELOPMENT_TEAM = Y792TLGM53;
				INFOPLIST_FILE = Demo1Tests/Info.plist;
				LD_RUNPATH_SEARCH_PATHS = "$(inherited) @executable_path/Frameworks @loader_path/Frameworks";
				PRODUCT_BUNDLE_IDENTIFIER = "kwl-2017.Demo1Tests";
				PRODUCT_NAME = "$(TARGET_NAME)";
				SWIFT_VERSION = 4.0;
				TARGETED_DEVICE_FAMILY = "1,2";
				TEST_HOST = "$(BUILT_PRODUCTS_DIR)/Demo1.app/Demo1";
			};
			name = Release;
		};
		F9D918081FAD5ABE009DC0CE /* Debug */ = {
			isa = XCBuildConfiguration;
			buildSettings = {
				ALWAYS_EMBED_SWIFT_STANDARD_LIBRARIES = YES;
				CODE_SIGN_STYLE = Automatic;
				DEVELOPMENT_TEAM = Y792TLGM53;
				INFOPLIST_FILE = Demo1UITests/Info.plist;
				LD_RUNPATH_SEARCH_PATHS = "$(inherited) @executable_path/Frameworks @loader_path/Frameworks";
				PRODUCT_BUNDLE_IDENTIFIER = "kwl-2017.Demo1UITests";
				PRODUCT_NAME = "$(TARGET_NAME)";
				SWIFT_VERSION = 4.0;
				TARGETED_DEVICE_FAMILY = "1,2";
				TEST_TARGET_NAME = Demo1;
			};
			name = Debug;
		};
		F9D918091FAD5ABE009DC0CE /* Release */ = {
			isa = XCBuildConfiguration;
			buildSettings = {
				ALWAYS_EMBED_SWIFT_STANDARD_LIBRARIES = YES;
				CODE_SIGN_STYLE = Automatic;
				DEVELOPMENT_TEAM = Y792TLGM53;
				INFOPLIST_FILE = Demo1UITests/Info.plist;
				LD_RUNPATH_SEARCH_PATHS = "$(inherited) @executable_path/Frameworks @loader_path/Frameworks";
				PRODUCT_BUNDLE_IDENTIFIER = "kwl-2017.Demo1UITests";
				PRODUCT_NAME = "$(TARGET_NAME)";
				SWIFT_VERSION = 4.0;
				TARGETED_DEVICE_FAMILY = "1,2";
				TEST_TARGET_NAME = Demo1;
			};
			name = Release;
		};
/* End XCBuildConfiguration section */

/* Begin XCConfigurationList section */
		F9D917D41FAD5ABE009DC0CE /* Build configuration list for PBXProject "Demo1" */ = {
			isa = XCConfigurationList;
			buildConfigurations = (
				F9D917FF1FAD5ABE009DC0CE /* Debug */,
				F9D918001FAD5ABE009DC0CE /* Release */,
			);
			defaultConfigurationIsVisible = 0;
			defaultConfigurationName = Release;
		};
		F9D918011FAD5ABE009DC0CE /* Build configuration list for PBXNativeTarget "Demo1" */ = {
			isa = XCConfigurationList;
			buildConfigurations = (
				F9D918021FAD5ABE009DC0CE /* Debug */,
				F9D918031FAD5ABE009DC0CE /* Release */,
			);
			defaultConfigurationIsVisible = 0;
			defaultConfigurationName = Release;
		};
		F9D918041FAD5ABE009DC0CE /* Build configuration list for PBXNativeTarget "Demo1Tests" */ = {
			isa = XCConfigurationList;
			buildConfigurations = (
				F9D918051FAD5ABE009DC0CE /* Debug */,
				F9D918061FAD5ABE009DC0CE /* Release */,
			);
			defaultConfigurationIsVisible = 0;
			defaultConfigurationName = Release;
		};
		F9D918071FAD5ABE009DC0CE /* Build configuration list for PBXNativeTarget "Demo1UITests" */ = {
			isa = XCConfigurationList;
			buildConfigurations = (
				F9D918081FAD5ABE009DC0CE /* Debug */,
				F9D918091FAD5ABE009DC0CE /* Release */,
			);
			defaultConfigurationIsVisible = 0;
			defaultConfigurationName = Release;
		};
/* End XCConfigurationList section */
	};
	rootObject = F9D917D11FAD5ABE009DC0CE /* Project object */;
}
