// !$*UTF8*$!
{
	archiveVersion = 1;
	classes = {
	};
	objectVersion = 48;
	objects = {

/* Begin PBXBuildFile section */
		416DC1DF618568CE757124B9 /* Pods_Demo_Three.framework in Frameworks */ = {isa = PBXBuildFile; fileRef = EAA37324407ACCB455E81D38 /* Pods_Demo_Three.framework */; };
		F9943C0F1FA4606000A9245C /* AppDelegate.swift in Sources */ = {isa = PBXBuildFile; fileRef = F9943C0E1FA4606000A9245C /* AppDelegate.swift */; };
		F9943C111FA4606000A9245C /* ViewController.swift in Sources */ = {isa = PBXBuildFile; fileRef = F9943C101FA4606000A9245C /* ViewController.swift */; };
		F9943C141FA4606000A9245C /* Main.storyboard in Resources */ = {isa = PBXBuildFile; fileRef = F9943C121FA4606000A9245C /* Main.storyboard */; };
		F9943C161FA4606000A9245C /* Assets.xcassets in Resources */ = {isa = PBXBuildFile; fileRef = F9943C151FA4606000A9245C /* Assets.xcassets */; };
		F9943C191FA4606000A9245C /* LaunchScreen.storyboard in Resources */ = {isa = PBXBuildFile; fileRef = F9943C171FA4606000A9245C /* LaunchScreen.storyboard */; };
		F9943C241FA4606000A9245C /* Demo_ThreeTests.swift in Sources */ = {isa = PBXBuildFile; fileRef = F9943C231FA4606000A9245C /* Demo_ThreeTests.swift */; };
		F9943C2F1FA4606000A9245C /* Demo_ThreeUITests.swift in Sources */ = {isa = PBXBuildFile; fileRef = F9943C2E1FA4606000A9245C /* Demo_ThreeUITests.swift */; };
		F9943C431FA4630400A9245C /* air_selected.png in Resources */ = {isa = PBXBuildFile; fileRef = F9943C3D1FA4630400A9245C /* air_selected.png */; };
		F9943C441FA4630400A9245C /* air_unselected.png in Resources */ = {isa = PBXBuildFile; fileRef = F9943C3E1FA4630400A9245C /* air_unselected.png */; };
		F9943C451FA4630400A9245C /* mobile_selected.png in Resources */ = {isa = PBXBuildFile; fileRef = F9943C3F1FA4630400A9245C /* mobile_selected.png */; };
		F9943C461FA4630400A9245C /* mobile_unselected.png in Resources */ = {isa = PBXBuildFile; fileRef = F9943C401FA4630400A9245C /* mobile_unselected.png */; };
		F9943C471FA4630400A9245C /* shopping_selected.png in Resources */ = {isa = PBXBuildFile; fileRef = F9943C411FA4630400A9245C /* shopping_selected.png */; };
		F9943C481FA4630400A9245C /* shopping_unselected.png in Resources */ = {isa = PBXBuildFile; fileRef = F9943C421FA4630400A9245C /* shopping_unselected.png */; };
		F9943C4B1FA4633600A9245C /* AddTodoViewController.swift in Sources */ = {isa = PBXBuildFile; fileRef = F9943C491FA4633600A9245C /* AddTodoViewController.swift */; };
		F9943C4C1FA4633600A9245C /* AddTodoViewController.xib in Resources */ = {isa = PBXBuildFile; fileRef = F9943C4A1FA4633600A9245C /* AddTodoViewController.xib */; };
		F9943C4F1FA4773F00A9245C /* TableViewCell.swift in Sources */ = {isa = PBXBuildFile; fileRef = F9943C4D1FA4773F00A9245C /* TableViewCell.swift */; };
		F9943C501FA4773F00A9245C /* TableViewCell.xib in Resources */ = {isa = PBXBuildFile; fileRef = F9943C4E1FA4773F00A9245C /* TableViewCell.xib */; };
/* End PBXBuildFile section */

/* Begin PBXContainerItemProxy section */
		F9943C201FA4606000A9245C /* PBXContainerItemProxy */ = {
			isa = PBXContainerItemProxy;
			containerPortal = F9943C031FA4606000A9245C /* Project object */;
			proxyType = 1;
			remoteGlobalIDString = F9943C0A1FA4606000A9245C;
			remoteInfo = Demo_Three;
		};
		F9943C2B1FA4606000A9245C /* PBXContainerItemProxy */ = {
			isa = PBXContainerItemProxy;
			containerPortal = F9943C031FA4606000A9245C /* Project object */;
			proxyType = 1;
			remoteGlobalIDString = F9943C0A1FA4606000A9245C;
			remoteInfo = Demo_Three;
		};
/* End PBXContainerItemProxy section */

/* Begin PBXFileReference section */
		7CED63A9F3E9EF88318CD9CA /* Pods-Demo_Three.release.xcconfig */ = {isa = PBXFileReference; includeInIndex = 1; lastKnownFileType = text.xcconfig; name = "Pods-Demo_Three.release.xcconfig"; path = "Pods/Target Support Files/Pods-Demo_Three/Pods-Demo_Three.release.xcconfig"; sourceTree = "<group>"; };
		881C40429096439CEA306272 /* Pods-Demo_Three.debug.xcconfig */ = {isa = PBXFileReference; includeInIndex = 1; lastKnownFileType = text.xcconfig; name = "Pods-Demo_Three.debug.xcconfig"; path = "Pods/Target Support Files/Pods-Demo_Three/Pods-Demo_Three.debug.xcconfig"; sourceTree = "<group>"; };
		EAA37324407ACCB455E81D38 /* Pods_Demo_Three.framework */ = {isa = PBXFileReference; explicitFileType = wrapper.framework; includeInIndex = 0; path = Pods_Demo_Three.framework; sourceTree = BUILT_PRODUCTS_DIR; };
		F9943C0B1FA4606000A9245C /* Demo_Three.app */ = {isa = PBXFileReference; explicitFileType = wrapper.application; includeInIndex = 0; path = Demo_Three.app; sourceTree = BUILT_PRODUCTS_DIR; };
		F9943C0E1FA4606000A9245C /* AppDelegate.swift */ = {isa = PBXFileReference; lastKnownFileType = sourcecode.swift; path = AppDelegate.swift; sourceTree = "<group>"; };
		F9943C101FA4606000A9245C /* ViewController.swift */ = {isa = PBXFileReference; lastKnownFileType = sourcecode.swift; path = ViewController.swift; sourceTree = "<group>"; };
		F9943C131FA4606000A9245C /* Base */ = {isa = PBXFileReference; lastKnownFileType = file.storyboard; name = Base; path = Base.lproj/Main.storyboard; sourceTree = "<group>"; };
		F9943C151FA4606000A9245C /* Assets.xcassets */ = {isa = PBXFileReference; lastKnownFileType = folder.assetcatalog; path = Assets.xcassets; sourceTree = "<group>"; };
		F9943C181FA4606000A9245C /* Base */ = {isa = PBXFileReference; lastKnownFileType = file.storyboard; name = Base; path = Base.lproj/LaunchScreen.storyboard; sourceTree = "<group>"; };
		F9943C1A1FA4606000A9245C /* Info.plist */ = {isa = PBXFileReference; lastKnownFileType = text.plist.xml; path = Info.plist; sourceTree = "<group>"; };
		F9943C1F1FA4606000A9245C /* Demo_ThreeTests.xctest */ = {isa = PBXFileReference; explicitFileType = wrapper.cfbundle; includeInIndex = 0; path = Demo_ThreeTests.xctest; sourceTree = BUILT_PRODUCTS_DIR; };
		F9943C231FA4606000A9245C /* Demo_ThreeTests.swift */ = {isa = PBXFileReference; lastKnownFileType = sourcecode.swift; path = Demo_ThreeTests.swift; sourceTree = "<group>"; };
		F9943C251FA4606000A9245C /* Info.plist */ = {isa = PBXFileReference; lastKnownFileType = text.plist.xml; path = Info.plist; sourceTree = "<group>"; };
		F9943C2A1FA4606000A9245C /* Demo_ThreeUITests.xctest */ = {isa = PBXFileReference; explicitFileType = wrapper.cfbundle; includeInIndex = 0; path = Demo_ThreeUITests.xctest; sourceTree = BUILT_PRODUCTS_DIR; };
		F9943C2E1FA4606000A9245C /* Demo_ThreeUITests.swift */ = {isa = PBXFileReference; lastKnownFileType = sourcecode.swift; path = Demo_ThreeUITests.swift; sourceTree = "<group>"; };
		F9943C301FA4606000A9245C /* Info.plist */ = {isa = PBXFileReference; lastKnownFileType = text.plist.xml; path = Info.plist; sourceTree = "<group>"; };
		F9943C3D1FA4630400A9245C /* air_selected.png */ = {isa = PBXFileReference; lastKnownFileType = image.png; path = air_selected.png; sourceTree = "<group>"; };
		F9943C3E1FA4630400A9245C /* air_unselected.png */ = {isa = PBXFileReference; lastKnownFileType = image.png; path = air_unselected.png; sourceTree = "<group>"; };
		F9943C3F1FA4630400A9245C /* mobile_selected.png */ = {isa = PBXFileReference; lastKnownFileType = image.png; path = mobile_selected.png; sourceTree = "<group>"; };
		F9943C401FA4630400A9245C /* mobile_unselected.png */ = {isa = PBXFileReference; lastKnownFileType = image.png; path = mobile_unselected.png; sourceTree = "<group>"; };
		F9943C411FA4630400A9245C /* shopping_selected.png */ = {isa = PBXFileReference; lastKnownFileType = image.png; path = shopping_selected.png; sourceTree = "<group>"; };
		F9943C421FA4630400A9245C /* shopping_unselected.png */ = {isa = PBXFileReference; lastKnownFileType = image.png; path = shopping_unselected.png; sourceTree = "<group>"; };
		F9943C491FA4633600A9245C /* AddTodoViewController.swift */ = {isa = PBXFileReference; lastKnownFileType = sourcecode.swift; path = AddTodoViewController.swift; sourceTree = "<group>"; };
		F9943C4A1FA4633600A9245C /* AddTodoViewController.xib */ = {isa = PBXFileReference; lastKnownFileType = file.xib; path = AddTodoViewController.xib; sourceTree = "<group>"; };
		F9943C4D1FA4773F00A9245C /* TableViewCell.swift */ = {isa = PBXFileReference; lastKnownFileType = sourcecode.swift; path = TableViewCell.swift; sourceTree = "<group>"; };
		F9943C4E1FA4773F00A9245C /* TableViewCell.xib */ = {isa = PBXFileReference; lastKnownFileType = file.xib; path = TableViewCell.xib; sourceTree = "<group>"; };
/* End PBXFileReference section */

/* Begin PBXFrameworksBuildPhase section */
		F9943C081FA4606000A9245C /* Frameworks */ = {
			isa = PBXFrameworksBuildPhase;
			buildActionMask = 2147483647;
			files = (
				416DC1DF618568CE757124B9 /* Pods_Demo_Three.framework in Frameworks */,
			);
			runOnlyForDeploymentPostprocessing = 0;
		};
		F9943C1C1FA4606000A9245C /* Frameworks */ = {
			isa = PBXFrameworksBuildPhase;
			buildActionMask = 2147483647;
			files = (
			);
			runOnlyForDeploymentPostprocessing = 0;
		};
		F9943C271FA4606000A9245C /* Frameworks */ = {
			isa = PBXFrameworksBuildPhase;
			buildActionMask = 2147483647;
			files = (
			);
			runOnlyForDeploymentPostprocessing = 0;
		};
/* End PBXFrameworksBuildPhase section */

/* Begin PBXGroup section */
		39B35D47DD30F89D9B6F2A8E /* Frameworks */ = {
			isa = PBXGroup;
			children = (
				EAA37324407ACCB455E81D38 /* Pods_Demo_Three.framework */,
			);
			name = Frameworks;
			sourceTree = "<group>";
		};
		C781BA71B50055A1545C1C16 /* Pods */ = {
			isa = PBXGroup;
			children = (
				881C40429096439CEA306272 /* Pods-Demo_Three.debug.xcconfig */,
				7CED63A9F3E9EF88318CD9CA /* Pods-Demo_Three.release.xcconfig */,
			);
			name = Pods;
			sourceTree = "<group>";
		};
		F9943C021FA4606000A9245C = {
			isa = PBXGroup;
			children = (
				F9943C0D1FA4606000A9245C /* Demo_Three */,
				F9943C221FA4606000A9245C /* Demo_ThreeTests */,
				F9943C2D1FA4606000A9245C /* Demo_ThreeUITests */,
				F9943C0C1FA4606000A9245C /* Products */,
				C781BA71B50055A1545C1C16 /* Pods */,
				39B35D47DD30F89D9B6F2A8E /* Frameworks */,
			);
			sourceTree = "<group>";
		};
		F9943C0C1FA4606000A9245C /* Products */ = {
			isa = PBXGroup;
			children = (
				F9943C0B1FA4606000A9245C /* Demo_Three.app */,
				F9943C1F1FA4606000A9245C /* Demo_ThreeTests.xctest */,
				F9943C2A1FA4606000A9245C /* Demo_ThreeUITests.xctest */,
			);
			name = Products;
			sourceTree = "<group>";
		};
		F9943C0D1FA4606000A9245C /* Demo_Three */ = {
			isa = PBXGroup;
			children = (
				F9943C3C1FA4630400A9245C /* Resources */,
				F9943C0E1FA4606000A9245C /* AppDelegate.swift */,
				F9943C101FA4606000A9245C /* ViewController.swift */,
				F9943C4D1FA4773F00A9245C /* TableViewCell.swift */,
				F9943C4E1FA4773F00A9245C /* TableViewCell.xib */,
				F9943C491FA4633600A9245C /* AddTodoViewController.swift */,
				F9943C4A1FA4633600A9245C /* AddTodoViewController.xib */,
				F9943C121FA4606000A9245C /* Main.storyboard */,
				F9943C151FA4606000A9245C /* Assets.xcassets */,
				F9943C171FA4606000A9245C /* LaunchScreen.storyboard */,
				F9943C1A1FA4606000A9245C /* Info.plist */,
			);
			path = Demo_Three;
			sourceTree = "<group>";
		};
		F9943C221FA4606000A9245C /* Demo_ThreeTests */ = {
			isa = PBXGroup;
			children = (
				F9943C231FA4606000A9245C /* Demo_ThreeTests.swift */,
				F9943C251FA4606000A9245C /* Info.plist */,
			);
			path = Demo_ThreeTests;
			sourceTree = "<group>";
		};
		F9943C2D1FA4606000A9245C /* Demo_ThreeUITests */ = {
			isa = PBXGroup;
			children = (
				F9943C2E1FA4606000A9245C /* Demo_ThreeUITests.swift */,
				F9943C301FA4606000A9245C /* Info.plist */,
			);
			path = Demo_ThreeUITests;
			sourceTree = "<group>";
		};
		F9943C3C1FA4630400A9245C /* Resources */ = {
			isa = PBXGroup;
			children = (
				F9943C3D1FA4630400A9245C /* air_selected.png */,
				F9943C3E1FA4630400A9245C /* air_unselected.png */,
				F9943C3F1FA4630400A9245C /* mobile_selected.png */,
				F9943C401FA4630400A9245C /* mobile_unselected.png */,
				F9943C411FA4630400A9245C /* shopping_selected.png */,
				F9943C421FA4630400A9245C /* shopping_unselected.png */,
			);
			path = Resources;
			sourceTree = "<group>";
		};
/* End PBXGroup section */

/* Begin PBXNativeTarget section */
		F9943C0A1FA4606000A9245C /* Demo_Three */ = {
			isa = PBXNativeTarget;
			buildConfigurationList = F9943C331FA4606000A9245C /* Build configuration list for PBXNativeTarget "Demo_Three" */;
			buildPhases = (
				0CDE48ECE346482F6120A10B /* [CP] Check Pods Manifest.lock */,
				F9943C071FA4606000A9245C /* Sources */,
				F9943C081FA4606000A9245C /* Frameworks */,
				F9943C091FA4606000A9245C /* Resources */,
				E60F49A07BF7BDCC05973A8A /* [CP] Embed Pods Frameworks */,
				66B22FC93422B172259CDEED /* [CP] Copy Pods Resources */,
			);
			buildRules = (
			);
			dependencies = (
			);
			name = Demo_Three;
			productName = Demo_Three;
			productReference = F9943C0B1FA4606000A9245C /* Demo_Three.app */;
			productType = "com.apple.product-type.application";
		};
		F9943C1E1FA4606000A9245C /* Demo_ThreeTests */ = {
			isa = PBXNativeTarget;
			buildConfigurationList = F9943C361FA4606000A9245C /* Build configuration list for PBXNativeTarget "Demo_ThreeTests" */;
			buildPhases = (
				F9943C1B1FA4606000A9245C /* Sources */,
				F9943C1C1FA4606000A9245C /* Frameworks */,
				F9943C1D1FA4606000A9245C /* Resources */,
			);
			buildRules = (
			);
			dependencies = (
				F9943C211FA4606000A9245C /* PBXTargetDependency */,
			);
			name = Demo_ThreeTests;
			productName = Demo_ThreeTests;
			productReference = F9943C1F1FA4606000A9245C /* Demo_ThreeTests.xctest */;
			productType = "com.apple.product-type.bundle.unit-test";
		};
		F9943C291FA4606000A9245C /* Demo_ThreeUITests */ = {
			isa = PBXNativeTarget;
			buildConfigurationList = F9943C391FA4606000A9245C /* Build configuration list for PBXNativeTarget "Demo_ThreeUITests" */;
			buildPhases = (
				F9943C261FA4606000A9245C /* Sources */,
				F9943C271FA4606000A9245C /* Frameworks */,
				F9943C281FA4606000A9245C /* Resources */,
			);
			buildRules = (
			);
			dependencies = (
				F9943C2C1FA4606000A9245C /* PBXTargetDependency */,
			);
			name = Demo_ThreeUITests;
			productName = Demo_ThreeUITests;
			productReference = F9943C2A1FA4606000A9245C /* Demo_ThreeUITests.xctest */;
			productType = "com.apple.product-type.bundle.ui-testing";
		};
/* End PBXNativeTarget section */

/* Begin PBXProject section */
		F9943C031FA4606000A9245C /* Project object */ = {
			isa = PBXProject;
			attributes = {
				LastSwiftUpdateCheck = 0900;
				LastUpgradeCheck = 0900;
				ORGANIZATIONNAME = kwl;
				TargetAttributes = {
					F9943C0A1FA4606000A9245C = {
						CreatedOnToolsVersion = 9.0;
						ProvisioningStyle = Automatic;
					};
					F9943C1E1FA4606000A9245C = {
						CreatedOnToolsVersion = 9.0;
						ProvisioningStyle = Automatic;
						TestTargetID = F9943C0A1FA4606000A9245C;
					};
					F9943C291FA4606000A9245C = {
						CreatedOnToolsVersion = 9.0;
						ProvisioningStyle = Automatic;
						TestTargetID = F9943C0A1FA4606000A9245C;
					};
				};
			};
			buildConfigurationList = F9943C061FA4606000A9245C /* Build configuration list for PBXProject "Demo_Three" */;
			compatibilityVersion = "Xcode 8.0";
			developmentRegion = en;
			hasScannedForEncodings = 0;
			knownRegions = (
				en,
				Base,
			);
			mainGroup = F9943C021FA4606000A9245C;
			productRefGroup = F9943C0C1FA4606000A9245C /* Products */;
			projectDirPath = "";
			projectRoot = "";
			targets = (
				F9943C0A1FA4606000A9245C /* Demo_Three */,
				F9943C1E1FA4606000A9245C /* Demo_ThreeTests */,
				F9943C291FA4606000A9245C /* Demo_ThreeUITests */,
			);
		};
/* End PBXProject section */

/* Begin PBXResourcesBuildPhase section */
		F9943C091FA4606000A9245C /* Resources */ = {
			isa = PBXResourcesBuildPhase;
			buildActionMask = 2147483647;
			files = (
				F9943C4C1FA4633600A9245C /* AddTodoViewController.xib in Resources */,
				F9943C501FA4773F00A9245C /* TableViewCell.xib in Resources */,
				F9943C471FA4630400A9245C /* shopping_selected.png in Resources */,
				F9943C191FA4606000A9245C /* LaunchScreen.storyboard in Resources */,
				F9943C461FA4630400A9245C /* mobile_unselected.png in Resources */,
				F9943C161FA4606000A9245C /* Assets.xcassets in Resources */,
				F9943C451FA4630400A9245C /* mobile_selected.png in Resources */,
				F9943C141FA4606000A9245C /* Main.storyboard in Resources */,
				F9943C481FA4630400A9245C /* shopping_unselected.png in Resources */,
				F9943C441FA4630400A9245C /* air_unselected.png in Resources */,
				F9943C431FA4630400A9245C /* air_selected.png in Resources */,
			);
			runOnlyForDeploymentPostprocessing = 0;
		};
		F9943C1D1FA4606000A9245C /* Resources */ = {
			isa = PBXResourcesBuildPhase;
			buildActionMask = 2147483647;
			files = (
			);
			runOnlyForDeploymentPostprocessing = 0;
		};
		F9943C281FA4606000A9245C /* Resources */ = {
			isa = PBXResourcesBuildPhase;
			buildActionMask = 2147483647;
			files = (
			);
			runOnlyForDeploymentPostprocessing = 0;
		};
/* End PBXResourcesBuildPhase section */

/* Begin PBXShellScriptBuildPhase section */
		0CDE48ECE346482F6120A10B /* [CP] Check Pods Manifest.lock */ = {
			isa = PBXShellScriptBuildPhase;
			buildActionMask = 2147483647;
			files = (
			);
			inputPaths = (
			);
			name = "[CP] Check Pods Manifest.lock";
			outputPaths = (
			);
			runOnlyForDeploymentPostprocessing = 0;
			shellPath = /bin/sh;
			shellScript = "diff \"${PODS_PODFILE_DIR_PATH}/Podfile.lock\" \"${PODS_ROOT}/Manifest.lock\" > /dev/null\nif [ $? != 0 ] ; then\n    # print error to STDERR\n    echo \"error: The sandbox is not in sync with the Podfile.lock. Run 'pod install' or update your CocoaPods installation.\" >&2\n    exit 1\nfi\n";
			showEnvVarsInLog = 0;
		};
		66B22FC93422B172259CDEED /* [CP] Copy Pods Resources */ = {
			isa = PBXShellScriptBuildPhase;
			buildActionMask = 2147483647;
			files = (
			);
			inputPaths = (
			);
			name = "[CP] Copy Pods Resources";
			outputPaths = (
			);
			runOnlyForDeploymentPostprocessing = 0;
			shellPath = /bin/sh;
			shellScript = "\"${SRCROOT}/Pods/Target Support Files/Pods-Demo_Three/Pods-Demo_Three-resources.sh\"\n";
			showEnvVarsInLog = 0;
		};
		E60F49A07BF7BDCC05973A8A /* [CP] Embed Pods Frameworks */ = {
			isa = PBXShellScriptBuildPhase;
			buildActionMask = 2147483647;
			files = (
			);
			inputPaths = (
			);
			name = "[CP] Embed Pods Frameworks";
			outputPaths = (
			);
			runOnlyForDeploymentPostprocessing = 0;
			shellPath = /bin/sh;
			shellScript = "\"${SRCROOT}/Pods/Target Support Files/Pods-Demo_Three/Pods-Demo_Three-frameworks.sh\"\n";
			showEnvVarsInLog = 0;
		};
/* End PBXShellScriptBuildPhase section */

/* Begin PBXSourcesBuildPhase section */
		F9943C071FA4606000A9245C /* Sources */ = {
			isa = PBXSourcesBuildPhase;
			buildActionMask = 2147483647;
			files = (
				F9943C111FA4606000A9245C /* ViewController.swift in Sources */,
				F9943C4F1FA4773F00A9245C /* TableViewCell.swift in Sources */,
				F9943C4B1FA4633600A9245C /* AddTodoViewController.swift in Sources */,
				F9943C0F1FA4606000A9245C /* AppDelegate.swift in Sources */,
			);
			runOnlyForDeploymentPostprocessing = 0;
		};
		F9943C1B1FA4606000A9245C /* Sources */ = {
			isa = PBXSourcesBuildPhase;
			buildActionMask = 2147483647;
			files = (
				F9943C241FA4606000A9245C /* Demo_ThreeTests.swift in Sources */,
			);
			runOnlyForDeploymentPostprocessing = 0;
		};
		F9943C261FA4606000A9245C /* Sources */ = {
			isa = PBXSourcesBuildPhase;
			buildActionMask = 2147483647;
			files = (
				F9943C2F1FA4606000A9245C /* Demo_ThreeUITests.swift in Sources */,
			);
			runOnlyForDeploymentPostprocessing = 0;
		};
/* End PBXSourcesBuildPhase section */

/* Begin PBXTargetDependency section */
		F9943C211FA4606000A9245C /* PBXTargetDependency */ = {
			isa = PBXTargetDependency;
			target = F9943C0A1FA4606000A9245C /* Demo_Three */;
			targetProxy = F9943C201FA4606000A9245C /* PBXContainerItemProxy */;
		};
		F9943C2C1FA4606000A9245C /* PBXTargetDependency */ = {
			isa = PBXTargetDependency;
			target = F9943C0A1FA4606000A9245C /* Demo_Three */;
			targetProxy = F9943C2B1FA4606000A9245C /* PBXContainerItemProxy */;
		};
/* End PBXTargetDependency section */

/* Begin PBXVariantGroup section */
		F9943C121FA4606000A9245C /* Main.storyboard */ = {
			isa = PBXVariantGroup;
			children = (
				F9943C131FA4606000A9245C /* Base */,
			);
			name = Main.storyboard;
			sourceTree = "<group>";
		};
		F9943C171FA4606000A9245C /* LaunchScreen.storyboard */ = {
			isa = PBXVariantGroup;
			children = (
				F9943C181FA4606000A9245C /* Base */,
			);
			name = LaunchScreen.storyboard;
			sourceTree = "<group>";
		};
/* End PBXVariantGroup section */

/* Begin XCBuildConfiguration section */
		F9943C311FA4606000A9245C /* Debug */ = {
			isa = XCBuildConfiguration;
			buildSettings = {
				ALWAYS_SEARCH_USER_PATHS = NO;
				CLANG_ANALYZER_NONNULL = YES;
				CLANG_ANALYZER_NUMBER_OBJECT_CONVERSION = YES_AGGRESSIVE;
				CLANG_CXX_LANGUAGE_STANDARD = "gnu++14";
				CLANG_CXX_LIBRARY = "libc++";
				CLANG_ENABLE_MODULES = YES;
				CLANG_ENABLE_OBJC_ARC = YES;
				CLANG_WARN_BLOCK_CAPTURE_AUTORELEASING = YES;
				CLANG_WARN_BOOL_CONVERSION = YES;
				CLANG_WARN_COMMA = YES;
				CLANG_WARN_CONSTANT_CONVERSION = YES;
				CLANG_WARN_DIRECT_OBJC_ISA_USAGE = YES_ERROR;
				CLANG_WARN_DOCUMENTATION_COMMENTS = YES;
				CLANG_WARN_EMPTY_BODY = YES;
				CLANG_WARN_ENUM_CONVERSION = YES;
				CLANG_WARN_INFINITE_RECURSION = YES;
				CLANG_WARN_INT_CONVERSION = YES;
				CLANG_WARN_NON_LITERAL_NULL_CONVERSION = YES;
				CLANG_WARN_OBJC_LITERAL_CONVERSION = YES;
				CLANG_WARN_OBJC_ROOT_CLASS = YES_ERROR;
				CLANG_WARN_RANGE_LOOP_ANALYSIS = YES;
				CLANG_WARN_STRICT_PROTOTYPES = YES;
				CLANG_WARN_SUSPICIOUS_MOVE = YES;
				CLANG_WARN_UNGUARDED_AVAILABILITY = YES_AGGRESSIVE;
				CLANG_WARN_UNREACHABLE_CODE = YES;
				CLANG_WARN__DUPLICATE_METHOD_MATCH = YES;
				CODE_SIGN_IDENTITY = "iPhone Developer";
				COPY_PHASE_STRIP = NO;
				DEBUG_INFORMATION_FORMAT = dwarf;
				ENABLE_STRICT_OBJC_MSGSEND = YES;
				ENABLE_TESTABILITY = YES;
				GCC_C_LANGUAGE_STANDARD = gnu11;
				GCC_DYNAMIC_NO_PIC = NO;
				GCC_NO_COMMON_BLOCKS = YES;
				GCC_OPTIMIZATION_LEVEL = 0;
				GCC_PREPROCESSOR_DEFINITIONS = (
					"DEBUG=1",
					"$(inherited)",
				);
				GCC_WARN_64_TO_32_BIT_CONVERSION = YES;
				GCC_WARN_ABOUT_RETURN_TYPE = YES_ERROR;
				GCC_WARN_UNDECLARED_SELECTOR = YES;
				GCC_WARN_UNINITIALIZED_AUTOS = YES_AGGRESSIVE;
				GCC_WARN_UNUSED_FUNCTION = YES;
				GCC_WARN_UNUSED_VARIABLE = YES;
				IPHONEOS_DEPLOYMENT_TARGET = 11.0;
				MTL_ENABLE_DEBUG_INFO = YES;
				ONLY_ACTIVE_ARCH = YES;
				SDKROOT = iphoneos;
				SWIFT_ACTIVE_COMPILATION_CONDITIONS = DEBUG;
				SWIFT_OPTIMIZATION_LEVEL = "-Onone";
			};
			name = Debug;
		};
		F9943C321FA4606000A9245C /* Release */ = {
			isa = XCBuildConfiguration;
			buildSettings = {
				ALWAYS_SEARCH_USER_PATHS = NO;
				CLANG_ANALYZER_NONNULL = YES;
				CLANG_ANALYZER_NUMBER_OBJECT_CONVERSION = YES_AGGRESSIVE;
				CLANG_CXX_LANGUAGE_STANDARD = "gnu++14";
				CLANG_CXX_LIBRARY = "libc++";
				CLANG_ENABLE_MODULES = YES;
				CLANG_ENABLE_OBJC_ARC = YES;
				CLANG_WARN_BLOCK_CAPTURE_AUTORELEASING = YES;
				CLANG_WARN_BOOL_CONVERSION = YES;
				CLANG_WARN_COMMA = YES;
				CLANG_WARN_CONSTANT_CONVERSION = YES;
				CLANG_WARN_DIRECT_OBJC_ISA_USAGE = YES_ERROR;
				CLANG_WARN_DOCUMENTATION_COMMENTS = YES;
				CLANG_WARN_EMPTY_BODY = YES;
				CLANG_WARN_ENUM_CONVERSION = YES;
				CLANG_WARN_INFINITE_RECURSION = YES;
				CLANG_WARN_INT_CONVERSION = YES;
				CLANG_WARN_NON_LITERAL_NULL_CONVERSION = YES;
				CLANG_WARN_OBJC_LITERAL_CONVERSION = YES;
				CLANG_WARN_OBJC_ROOT_CLASS = YES_ERROR;
				CLANG_WARN_RANGE_LOOP_ANALYSIS = YES;
				CLANG_WARN_STRICT_PROTOTYPES = YES;
				CLANG_WARN_SUSPICIOUS_MOVE = YES;
				CLANG_WARN_UNGUARDED_AVAILABILITY = YES_AGGRESSIVE;
				CLANG_WARN_UNREACHABLE_CODE = YES;
				CLANG_WARN__DUPLICATE_METHOD_MATCH = YES;
				CODE_SIGN_IDENTITY = "iPhone Developer";
				COPY_PHASE_STRIP = NO;
				DEBUG_INFORMATION_FORMAT = "dwarf-with-dsym";
				ENABLE_NS_ASSERTIONS = NO;
				ENABLE_STRICT_OBJC_MSGSEND = YES;
				GCC_C_LANGUAGE_STANDARD = gnu11;
				GCC_NO_COMMON_BLOCKS = YES;
				GCC_WARN_64_TO_32_BIT_CONVERSION = YES;
				GCC_WARN_ABOUT_RETURN_TYPE = YES_ERROR;
				GCC_WARN_UNDECLARED_SELECTOR = YES;
				GCC_WARN_UNINITIALIZED_AUTOS = YES_AGGRESSIVE;
				GCC_WARN_UNUSED_FUNCTION = YES;
				GCC_WARN_UNUSED_VARIABLE = YES;
				IPHONEOS_DEPLOYMENT_TARGET = 11.0;
				MTL_ENABLE_DEBUG_INFO = NO;
				SDKROOT = iphoneos;
				SWIFT_OPTIMIZATION_LEVEL = "-Owholemodule";
				VALIDATE_PRODUCT = YES;
			};
			name = Release;
		};
		F9943C341FA4606000A9245C /* Debug */ = {
			isa = XCBuildConfiguration;
			baseConfigurationReference = 881C40429096439CEA306272 /* Pods-Demo_Three.debug.xcconfig */;
			buildSettings = {
				ASSETCATALOG_COMPILER_APPICON_NAME = AppIcon;
				CODE_SIGN_STYLE = Automatic;
				DEVELOPMENT_TEAM = Y792TLGM53;
				INFOPLIST_FILE = Demo_Three/Info.plist;
				LD_RUNPATH_SEARCH_PATHS = "$(inherited) @executable_path/Frameworks";
				PRODUCT_BUNDLE_IDENTIFIER = "kwl-2017.Demo-Three";
				PRODUCT_NAME = "$(TARGET_NAME)";
				SWIFT_VERSION = 4.0;
				TARGETED_DEVICE_FAMILY = "1,2";
			};
			name = Debug;
		};
		F9943C351FA4606000A9245C /* Release */ = {
			isa = XCBuildConfiguration;
			baseConfigurationReference = 7CED63A9F3E9EF88318CD9CA /* Pods-Demo_Three.release.xcconfig */;
			buildSettings = {
				ASSETCATALOG_COMPILER_APPICON_NAME = AppIcon;
				CODE_SIGN_STYLE = Automatic;
				DEVELOPMENT_TEAM = Y792TLGM53;
				INFOPLIST_FILE = Demo_Three/Info.plist;
				LD_RUNPATH_SEARCH_PATHS = "$(inherited) @executable_path/Frameworks";
				PRODUCT_BUNDLE_IDENTIFIER = "kwl-2017.Demo-Three";
				PRODUCT_NAME = "$(TARGET_NAME)";
				SWIFT_VERSION = 4.0;
				TARGETED_DEVICE_FAMILY = "1,2";
			};
			name = Release;
		};
		F9943C371FA4606000A9245C /* Debug */ = {
			isa = XCBuildConfiguration;
			buildSettings = {
				ALWAYS_EMBED_SWIFT_STANDARD_LIBRARIES = YES;
				BUNDLE_LOADER = "$(TEST_HOST)";
				CODE_SIGN_STYLE = Automatic;
				DEVELOPMENT_TEAM = Y792TLGM53;
				INFOPLIST_FILE = Demo_ThreeTests/Info.plist;
				LD_RUNPATH_SEARCH_PATHS = "$(inherited) @executable_path/Frameworks @loader_path/Frameworks";
				PRODUCT_BUNDLE_IDENTIFIER = "kwl-2017.Demo-ThreeTests";
				PRODUCT_NAME = "$(TARGET_NAME)";
				SWIFT_VERSION = 4.0;
				TARGETED_DEVICE_FAMILY = "1,2";
				TEST_HOST = "$(BUILT_PRODUCTS_DIR)/Demo_Three.app/Demo_Three";
			};
			name = Debug;
		};
		F9943C381FA4606000A9245C /* Release */ = {
			isa = XCBuildConfiguration;
			buildSettings = {
				ALWAYS_EMBED_SWIFT_STANDARD_LIBRARIES = YES;
				BUNDLE_LOADER = "$(TEST_HOST)";
				CODE_SIGN_STYLE = Automatic;
				DEVELOPMENT_TEAM = Y792TLGM53;
				INFOPLIST_FILE = Demo_ThreeTests/Info.plist;
				LD_RUNPATH_SEARCH_PATHS = "$(inherited) @executable_path/Frameworks @loader_path/Frameworks";
				PRODUCT_BUNDLE_IDENTIFIER = "kwl-2017.Demo-ThreeTests";
				PRODUCT_NAME = "$(TARGET_NAME)";
				SWIFT_VERSION = 4.0;
				TARGETED_DEVICE_FAMILY = "1,2";
				TEST_HOST = "$(BUILT_PRODUCTS_DIR)/Demo_Three.app/Demo_Three";
			};
			name = Release;
		};
		F9943C3A1FA4606000A9245C /* Debug */ = {
			isa = XCBuildConfiguration;
			buildSettings = {
				ALWAYS_EMBED_SWIFT_STANDARD_LIBRARIES = YES;
				CODE_SIGN_STYLE = Automatic;
				DEVELOPMENT_TEAM = Y792TLGM53;
				INFOPLIST_FILE = Demo_ThreeUITests/Info.plist;
				LD_RUNPATH_SEARCH_PATHS = "$(inherited) @executable_path/Frameworks @loader_path/Frameworks";
				PRODUCT_BUNDLE_IDENTIFIER = "kwl-2017.Demo-ThreeUITests";
				PRODUCT_NAME = "$(TARGET_NAME)";
				SWIFT_VERSION = 4.0;
				TARGETED_DEVICE_FAMILY = "1,2";
				TEST_TARGET_NAME = Demo_Three;
			};
			name = Debug;
		};
		F9943C3B1FA4606000A9245C /* Release */ = {
			isa = XCBuildConfiguration;
			buildSettings = {
				ALWAYS_EMBED_SWIFT_STANDARD_LIBRARIES = YES;
				CODE_SIGN_STYLE = Automatic;
				DEVELOPMENT_TEAM = Y792TLGM53;
				INFOPLIST_FILE = Demo_ThreeUITests/Info.plist;
				LD_RUNPATH_SEARCH_PATHS = "$(inherited) @executable_path/Frameworks @loader_path/Frameworks";
				PRODUCT_BUNDLE_IDENTIFIER = "kwl-2017.Demo-ThreeUITests";
				PRODUCT_NAME = "$(TARGET_NAME)";
				SWIFT_VERSION = 4.0;
				TARGETED_DEVICE_FAMILY = "1,2";
				TEST_TARGET_NAME = Demo_Three;
			};
			name = Release;
		};
/* End XCBuildConfiguration section */

/* Begin XCConfigurationList section */
		F9943C061FA4606000A9245C /* Build configuration list for PBXProject "Demo_Three" */ = {
			isa = XCConfigurationList;
			buildConfigurations = (
				F9943C311FA4606000A9245C /* Debug */,
				F9943C321FA4606000A9245C /* Release */,
			);
			defaultConfigurationIsVisible = 0;
			defaultConfigurationName = Release;
		};
		F9943C331FA4606000A9245C /* Build configuration list for PBXNativeTarget "Demo_Three" */ = {
			isa = XCConfigurationList;
			buildConfigurations = (
				F9943C341FA4606000A9245C /* Debug */,
				F9943C351FA4606000A9245C /* Release */,
			);
			defaultConfigurationIsVisible = 0;
			defaultConfigurationName = Release;
		};
		F9943C361FA4606000A9245C /* Build configuration list for PBXNativeTarget "Demo_ThreeTests" */ = {
			isa = XCConfigurationList;
			buildConfigurations = (
				F9943C371FA4606000A9245C /* Debug */,
				F9943C381FA4606000A9245C /* Release */,
			);
			defaultConfigurationIsVisible = 0;
			defaultConfigurationName = Release;
		};
		F9943C391FA4606000A9245C /* Build configuration list for PBXNativeTarget "Demo_ThreeUITests" */ = {
			isa = XCConfigurationList;
			buildConfigurations = (
				F9943C3A1FA4606000A9245C /* Debug */,
				F9943C3B1FA4606000A9245C /* Release */,
			);
			defaultConfigurationIsVisible = 0;
			defaultConfigurationName = Release;
		};
/* End XCConfigurationList section */
	};
	rootObject = F9943C031FA4606000A9245C /* Project object */;
}
