// !$*UTF8*$!
{
	archiveVersion = 1;
	classes = {
	};
	objectVersion = 48;
	objects = {

/* Begin PBXBuildFile section */
		F9D918171FADA9CF009DC0CE /* AppDelegate.swift in Sources */ = {isa = PBXBuildFile; fileRef = F9D918161FADA9CF009DC0CE /* AppDelegate.swift */; };
		F9D918191FADA9CF009DC0CE /* ViewController.swift in Sources */ = {isa = PBXBuildFile; fileRef = F9D918181FADA9CF009DC0CE /* ViewController.swift */; };
		F9D9181C1FADA9CF009DC0CE /* Main.storyboard in Resources */ = {isa = PBXBuildFile; fileRef = F9D9181A1FADA9CF009DC0CE /* Main.storyboard */; };
		F9D9181E1FADA9CF009DC0CE /* Assets.xcassets in Resources */ = {isa = PBXBuildFile; fileRef = F9D9181D1FADA9CF009DC0CE /* Assets.xcassets */; };
		F9D918211FADA9CF009DC0CE /* LaunchScreen.storyboard in Resources */ = {isa = PBXBuildFile; fileRef = F9D9181F1FADA9CF009DC0CE /* LaunchScreen.storyboard */; };
		F9D9182C1FADA9CF009DC0CE /* Demo2Tests.swift in Sources */ = {isa = PBXBuildFile; fileRef = F9D9182B1FADA9CF009DC0CE /* Demo2Tests.swift */; };
		F9D918371FADA9CF009DC0CE /* Demo2UITests.swift in Sources */ = {isa = PBXBuildFile; fileRef = F9D918361FADA9CF009DC0CE /* Demo2UITests.swift */; };
/* End PBXBuildFile section */

/* Begin PBXContainerItemProxy section */
		F9D918281FADA9CF009DC0CE /* PBXContainerItemProxy */ = {
			isa = PBXContainerItemProxy;
			containerPortal = F9D9180B1FADA9CF009DC0CE /* Project object */;
			proxyType = 1;
			remoteGlobalIDString = F9D918121FADA9CF009DC0CE;
			remoteInfo = Demo2;
		};
		F9D918331FADA9CF009DC0CE /* PBXContainerItemProxy */ = {
			isa = PBXContainerItemProxy;
			containerPortal = F9D9180B1FADA9CF009DC0CE /* Project object */;
			proxyType = 1;
			remoteGlobalIDString = F9D918121FADA9CF009DC0CE;
			remoteInfo = Demo2;
		};
/* End PBXContainerItemProxy section */

/* Begin PBXFileReference section */
		F9D918131FADA9CF009DC0CE /* Demo2.app */ = {isa = PBXFileReference; explicitFileType = wrapper.application; includeInIndex = 0; path = Demo2.app; sourceTree = BUILT_PRODUCTS_DIR; };
		F9D918161FADA9CF009DC0CE /* AppDelegate.swift */ = {isa = PBXFileReference; lastKnownFileType = sourcecode.swift; path = AppDelegate.swift; sourceTree = "<group>"; };
		F9D918181FADA9CF009DC0CE /* ViewController.swift */ = {isa = PBXFileReference; lastKnownFileType = sourcecode.swift; path = ViewController.swift; sourceTree = "<group>"; };
		F9D9181B1FADA9CF009DC0CE /* Base */ = {isa = PBXFileReference; lastKnownFileType = file.storyboard; name = Base; path = Base.lproj/Main.storyboard; sourceTree = "<group>"; };
		F9D9181D1FADA9CF009DC0CE /* Assets.xcassets */ = {isa = PBXFileReference; lastKnownFileType = folder.assetcatalog; path = Assets.xcassets; sourceTree = "<group>"; };
		F9D918201FADA9CF009DC0CE /* Base */ = {isa = PBXFileReference; lastKnownFileType = file.storyboard; name = Base; path = Base.lproj/LaunchScreen.storyboard; sourceTree = "<group>"; };
		F9D918221FADA9CF009DC0CE /* Info.plist */ = {isa = PBXFileReference; lastKnownFileType = text.plist.xml; path = Info.plist; sourceTree = "<group>"; };
		F9D918271FADA9CF009DC0CE /* Demo2Tests.xctest */ = {isa = PBXFileReference; explicitFileType = wrapper.cfbundle; includeInIndex = 0; path = Demo2Tests.xctest; sourceTree = BUILT_PRODUCTS_DIR; };
		F9D9182B1FADA9CF009DC0CE /* Demo2Tests.swift */ = {isa = PBXFileReference; lastKnownFileType = sourcecode.swift; path = Demo2Tests.swift; sourceTree = "<group>"; };
		F9D9182D1FADA9CF009DC0CE /* Info.plist */ = {isa = PBXFileReference; lastKnownFileType = text.plist.xml; path = Info.plist; sourceTree = "<group>"; };
		F9D918321FADA9CF009DC0CE /* Demo2UITests.xctest */ = {isa = PBXFileReference; explicitFileType = wrapper.cfbundle; includeInIndex = 0; path = Demo2UITests.xctest; sourceTree = BUILT_PRODUCTS_DIR; };
		F9D918361FADA9CF009DC0CE /* Demo2UITests.swift */ = {isa = PBXFileReference; lastKnownFileType = sourcecode.swift; path = Demo2UITests.swift; sourceTree = "<group>"; };
		F9D918381FADA9CF009DC0CE /* Info.plist */ = {isa = PBXFileReference; lastKnownFileType = text.plist.xml; path = Info.plist; sourceTree = "<group>"; };
/* End PBXFileReference section */

/* Begin PBXFrameworksBuildPhase section */
		F9D918101FADA9CF009DC0CE /* Frameworks */ = {
			isa = PBXFrameworksBuildPhase;
			buildActionMask = 2147483647;
			files = (
			);
			runOnlyForDeploymentPostprocessing = 0;
		};
		F9D918241FADA9CF009DC0CE /* Frameworks */ = {
			isa = PBXFrameworksBuildPhase;
			buildActionMask = 2147483647;
			files = (
			);
			runOnlyForDeploymentPostprocessing = 0;
		};
		F9D9182F1FADA9CF009DC0CE /* Frameworks */ = {
			isa = PBXFrameworksBuildPhase;
			buildActionMask = 2147483647;
			files = (
			);
			runOnlyForDeploymentPostprocessing = 0;
		};
/* End PBXFrameworksBuildPhase section */

/* Begin PBXGroup section */
		F9D9180A1FADA9CF009DC0CE = {
			isa = PBXGroup;
			children = (
				F9D918151FADA9CF009DC0CE /* Demo2 */,
				F9D9182A1FADA9CF009DC0CE /* Demo2Tests */,
				F9D918351FADA9CF009DC0CE /* Demo2UITests */,
				F9D918141FADA9CF009DC0CE /* Products */,
			);
			sourceTree = "<group>";
		};
		F9D918141FADA9CF009DC0CE /* Products */ = {
			isa = PBXGroup;
			children = (
				F9D918131FADA9CF009DC0CE /* Demo2.app */,
				F9D918271FADA9CF009DC0CE /* Demo2Tests.xctest */,
				F9D918321FADA9CF009DC0CE /* Demo2UITests.xctest */,
			);
			name = Products;
			sourceTree = "<group>";
		};
		F9D918151FADA9CF009DC0CE /* Demo2 */ = {
			isa = PBXGroup;
			children = (
				F9D918161FADA9CF009DC0CE /* AppDelegate.swift */,
				F9D918181FADA9CF009DC0CE /* ViewController.swift */,
				F9D9181A1FADA9CF009DC0CE /* Main.storyboard */,
				F9D9181D1FADA9CF009DC0CE /* Assets.xcassets */,
				F9D9181F1FADA9CF009DC0CE /* LaunchScreen.storyboard */,
				F9D918221FADA9CF009DC0CE /* Info.plist */,
			);
			path = Demo2;
			sourceTree = "<group>";
		};
		F9D9182A1FADA9CF009DC0CE /* Demo2Tests */ = {
			isa = PBXGroup;
			children = (
				F9D9182B1FADA9CF009DC0CE /* Demo2Tests.swift */,
				F9D9182D1FADA9CF009DC0CE /* Info.plist */,
			);
			path = Demo2Tests;
			sourceTree = "<group>";
		};
		F9D918351FADA9CF009DC0CE /* Demo2UITests */ = {
			isa = PBXGroup;
			children = (
				F9D918361FADA9CF009DC0CE /* Demo2UITests.swift */,
				F9D918381FADA9CF009DC0CE /* Info.plist */,
			);
			path = Demo2UITests;
			sourceTree = "<group>";
		};
/* End PBXGroup section */

/* Begin PBXNativeTarget section */
		F9D918121FADA9CF009DC0CE /* Demo2 */ = {
			isa = PBXNativeTarget;
			buildConfigurationList = F9D9183B1FADA9CF009DC0CE /* Build configuration list for PBXNativeTarget "Demo2" */;
			buildPhases = (
				F9D9180F1FADA9CF009DC0CE /* Sources */,
				F9D918101FADA9CF009DC0CE /* Frameworks */,
				F9D918111FADA9CF009DC0CE /* Resources */,
			);
			buildRules = (
			);
			dependencies = (
			);
			name = Demo2;
			productName = Demo2;
			productReference = F9D918131FADA9CF009DC0CE /* Demo2.app */;
			productType = "com.apple.product-type.application";
		};
		F9D918261FADA9CF009DC0CE /* Demo2Tests */ = {
			isa = PBXNativeTarget;
			buildConfigurationList = F9D9183E1FADA9CF009DC0CE /* Build configuration list for PBXNativeTarget "Demo2Tests" */;
			buildPhases = (
				F9D918231FADA9CF009DC0CE /* Sources */,
				F9D918241FADA9CF009DC0CE /* Frameworks */,
				F9D918251FADA9CF009DC0CE /* Resources */,
			);
			buildRules = (
			);
			dependencies = (
				F9D918291FADA9CF009DC0CE /* PBXTargetDependency */,
			);
			name = Demo2Tests;
			productName = Demo2Tests;
			productReference = F9D918271FADA9CF009DC0CE /* Demo2Tests.xctest */;
			productType = "com.apple.product-type.bundle.unit-test";
		};
		F9D918311FADA9CF009DC0CE /* Demo2UITests */ = {
			isa = PBXNativeTarget;
			buildConfigurationList = F9D918411FADA9CF009DC0CE /* Build configuration list for PBXNativeTarget "Demo2UITests" */;
			buildPhases = (
				F9D9182E1FADA9CF009DC0CE /* Sources */,
				F9D9182F1FADA9CF009DC0CE /* Frameworks */,
				F9D918301FADA9CF009DC0CE /* Resources */,
			);
			buildRules = (
			);
			dependencies = (
				F9D918341FADA9CF009DC0CE /* PBXTargetDependency */,
			);
			name = Demo2UITests;
			productName = Demo2UITests;
			productReference = F9D918321FADA9CF009DC0CE /* Demo2UITests.xctest */;
			productType = "com.apple.product-type.bundle.ui-testing";
		};
/* End PBXNativeTarget section */

/* Begin PBXProject section */
		F9D9180B1FADA9CF009DC0CE /* Project object */ = {
			isa = PBXProject;
			attributes = {
				LastSwiftUpdateCheck = 0900;
				LastUpgradeCheck = 0900;
				ORGANIZATIONNAME = kwl;
				TargetAttributes = {
					F9D918121FADA9CF009DC0CE = {
						CreatedOnToolsVersion = 9.0;
						ProvisioningStyle = Automatic;
					};
					F9D918261FADA9CF009DC0CE = {
						CreatedOnToolsVersion = 9.0;
						ProvisioningStyle = Automatic;
						TestTargetID = F9D918121FADA9CF009DC0CE;
					};
					F9D918311FADA9CF009DC0CE = {
						CreatedOnToolsVersion = 9.0;
						ProvisioningStyle = Automatic;
						TestTargetID = F9D918121FADA9CF009DC0CE;
					};
				};
			};
			buildConfigurationList = F9D9180E1FADA9CF009DC0CE /* Build configuration list for PBXProject "Demo2" */;
			compatibilityVersion = "Xcode 8.0";
			developmentRegion = en;
			hasScannedForEncodings = 0;
			knownRegions = (
				en,
				Base,
			);
			mainGroup = F9D9180A1FADA9CF009DC0CE;
			productRefGroup = F9D918141FADA9CF009DC0CE /* Products */;
			projectDirPath = "";
			projectRoot = "";
			targets = (
				F9D918121FADA9CF009DC0CE /* Demo2 */,
				F9D918261FADA9CF009DC0CE /* Demo2Tests */,
				F9D918311FADA9CF009DC0CE /* Demo2UITests */,
			);
		};
/* End PBXProject section */

/* Begin PBXResourcesBuildPhase section */
		F9D918111FADA9CF009DC0CE /* Resources */ = {
			isa = PBXResourcesBuildPhase;
			buildActionMask = 2147483647;
			files = (
				F9D918211FADA9CF009DC0CE /* LaunchScreen.storyboard in Resources */,
				F9D9181E1FADA9CF009DC0CE /* Assets.xcassets in Resources */,
				F9D9181C1FADA9CF009DC0CE /* Main.storyboard in Resources */,
			);
			runOnlyForDeploymentPostprocessing = 0;
		};
		F9D918251FADA9CF009DC0CE /* Resources */ = {
			isa = PBXResourcesBuildPhase;
			buildActionMask = 2147483647;
			files = (
			);
			runOnlyForDeploymentPostprocessing = 0;
		};
		F9D918301FADA9CF009DC0CE /* Resources */ = {
			isa = PBXResourcesBuildPhase;
			buildActionMask = 2147483647;
			files = (
			);
			runOnlyForDeploymentPostprocessing = 0;
		};
/* End PBXResourcesBuildPhase section */

/* Begin PBXSourcesBuildPhase section */
		F9D9180F1FADA9CF009DC0CE /* Sources */ = {
			isa = PBXSourcesBuildPhase;
			buildActionMask = 2147483647;
			files = (
				F9D918191FADA9CF009DC0CE /* ViewController.swift in Sources */,
				F9D918171FADA9CF009DC0CE /* AppDelegate.swift in Sources */,
			);
			runOnlyForDeploymentPostprocessing = 0;
		};
		F9D918231FADA9CF009DC0CE /* Sources */ = {
			isa = PBXSourcesBuildPhase;
			buildActionMask = 2147483647;
			files = (
				F9D9182C1FADA9CF009DC0CE /* Demo2Tests.swift in Sources */,
			);
			runOnlyForDeploymentPostprocessing = 0;
		};
		F9D9182E1FADA9CF009DC0CE /* Sources */ = {
			isa = PBXSourcesBuildPhase;
			buildActionMask = 2147483647;
			files = (
				F9D918371FADA9CF009DC0CE /* Demo2UITests.swift in Sources */,
			);
			runOnlyForDeploymentPostprocessing = 0;
		};
/* End PBXSourcesBuildPhase section */

/* Begin PBXTargetDependency section */
		F9D918291FADA9CF009DC0CE /* PBXTargetDependency */ = {
			isa = PBXTargetDependency;
			target = F9D918121FADA9CF009DC0CE /* Demo2 */;
			targetProxy = F9D918281FADA9CF009DC0CE /* PBXContainerItemProxy */;
		};
		F9D918341FADA9CF009DC0CE /* PBXTargetDependency */ = {
			isa = PBXTargetDependency;
			target = F9D918121FADA9CF009DC0CE /* Demo2 */;
			targetProxy = F9D918331FADA9CF009DC0CE /* PBXContainerItemProxy */;
		};
/* End PBXTargetDependency section */

/* Begin PBXVariantGroup section */
		F9D9181A1FADA9CF009DC0CE /* Main.storyboard */ = {
			isa = PBXVariantGroup;
			children = (
				F9D9181B1FADA9CF009DC0CE /* Base */,
			);
			name = Main.storyboard;
			sourceTree = "<group>";
		};
		F9D9181F1FADA9CF009DC0CE /* LaunchScreen.storyboard */ = {
			isa = PBXVariantGroup;
			children = (
				F9D918201FADA9CF009DC0CE /* Base */,
			);
			name = LaunchScreen.storyboard;
			sourceTree = "<group>";
		};
/* End PBXVariantGroup section */

/* Begin XCBuildConfiguration section */
		F9D918391FADA9CF009DC0CE /* Debug */ = {
			isa = XCBuildConfiguration;
			buildSettings = {
				ALWAYS_SEARCH_USER_PATHS = NO;
				CLANG_ANALYZER_NONNULL = YES;
				CLANG_ANALYZER_NUMBER_OBJECT_CONVERSION = YES_AGGRESSIVE;
				CLANG_CXX_LANGUAGE_STANDARD = "gnu++14";
				CLANG_CXX_LIBRARY = "libc++";
				CLANG_ENABLE_MODULES = YES;
				CLANG_ENABLE_OBJC_ARC = YES;
				CLANG_WARN_BLOCK_CAPTURE_AUTORELEASING = YES;
				CLANG_WARN_BOOL_CONVERSION = YES;
				CLANG_WARN_COMMA = YES;
				CLANG_WARN_CONSTANT_CONVERSION = YES;
				CLANG_WARN_DIRECT_OBJC_ISA_USAGE = YES_ERROR;
				CLANG_WARN_DOCUMENTATION_COMMENTS = YES;
				CLANG_WARN_EMPTY_BODY = YES;
				CLANG_WARN_ENUM_CONVERSION = YES;
				CLANG_WARN_INFINITE_RECURSION = YES;
				CLANG_WARN_INT_CONVERSION = YES;
				CLANG_WARN_NON_LITERAL_NULL_CONVERSION = YES;
				CLANG_WARN_OBJC_LITERAL_CONVERSION = YES;
				CLANG_WARN_OBJC_ROOT_CLASS = YES_ERROR;
				CLANG_WARN_RANGE_LOOP_ANALYSIS = YES;
				CLANG_WARN_STRICT_PROTOTYPES = YES;
				CLANG_WARN_SUSPICIOUS_MOVE = YES;
				CLANG_WARN_UNGUARDED_AVAILABILITY = YES_AGGRESSIVE;
				CLANG_WARN_UNREACHABLE_CODE = YES;
				CLANG_WARN__DUPLICATE_METHOD_MATCH = YES;
				CODE_SIGN_IDENTITY = "iPhone Developer";
				COPY_PHASE_STRIP = NO;
				DEBUG_INFORMATION_FORMAT = dwarf;
				ENABLE_STRICT_OBJC_MSGSEND = YES;
				ENABLE_TESTABILITY = YES;
				GCC_C_LANGUAGE_STANDARD = gnu11;
				GCC_DYNAMIC_NO_PIC = NO;
				GCC_NO_COMMON_BLOCKS = YES;
				GCC_OPTIMIZATION_LEVEL = 0;
				GCC_PREPROCESSOR_DEFINITIONS = (
					"DEBUG=1",
					"$(inherited)",
				);
				GCC_WARN_64_TO_32_BIT_CONVERSION = YES;
				GCC_WARN_ABOUT_RETURN_TYPE = YES_ERROR;
				GCC_WARN_UNDECLARED_SELECTOR = YES;
				GCC_WARN_UNINITIALIZED_AUTOS = YES_AGGRESSIVE;
				GCC_WARN_UNUSED_FUNCTION = YES;
				GCC_WARN_UNUSED_VARIABLE = YES;
				IPHONEOS_DEPLOYMENT_TARGET = 11.0;
				MTL_ENABLE_DEBUG_INFO = YES;
				ONLY_ACTIVE_ARCH = YES;
				SDKROOT = iphoneos;
				SWIFT_ACTIVE_COMPILATION_CONDITIONS = DEBUG;
				SWIFT_OPTIMIZATION_LEVEL = "-Onone";
			};
			name = Debug;
		};
		F9D9183A1FADA9CF009DC0CE /* Release */ = {
			isa = XCBuildConfiguration;
			buildSettings = {
				ALWAYS_SEARCH_USER_PATHS = NO;
				CLANG_ANALYZER_NONNULL = YES;
				CLANG_ANALYZER_NUMBER_OBJECT_CONVERSION = YES_AGGRESSIVE;
				CLANG_CXX_LANGUAGE_STANDARD = "gnu++14";
				CLANG_CXX_LIBRARY = "libc++";
				CLANG_ENABLE_MODULES = YES;
				CLANG_ENABLE_OBJC_ARC = YES;
				CLANG_WARN_BLOCK_CAPTURE_AUTORELEASING = YES;
				CLANG_WARN_BOOL_CONVERSION = YES;
				CLANG_WARN_COMMA = YES;
				CLANG_WARN_CONSTANT_CONVERSION = YES;
				CLANG_WARN_DIRECT_OBJC_ISA_USAGE = YES_ERROR;
				CLANG_WARN_DOCUMENTATION_COMMENTS = YES;
				CLANG_WARN_EMPTY_BODY = YES;
				CLANG_WARN_ENUM_CONVERSION = YES;
				CLANG_WARN_INFINITE_RECURSION = YES;
				CLANG_WARN_INT_CONVERSION = YES;
				CLANG_WARN_NON_LITERAL_NULL_CONVERSION = YES;
				CLANG_WARN_OBJC_LITERAL_CONVERSION = YES;
				CLANG_WARN_OBJC_ROOT_CLASS = YES_ERROR;
				CLANG_WARN_RANGE_LOOP_ANALYSIS = YES;
				CLANG_WARN_STRICT_PROTOTYPES = YES;
				CLANG_WARN_SUSPICIOUS_MOVE = YES;
				CLANG_WARN_UNGUARDED_AVAILABILITY = YES_AGGRESSIVE;
				CLANG_WARN_UNREACHABLE_CODE = YES;
				CLANG_WARN__DUPLICATE_METHOD_MATCH = YES;
				CODE_SIGN_IDENTITY = "iPhone Developer";
				COPY_PHASE_STRIP = NO;
				DEBUG_INFORMATION_FORMAT = "dwarf-with-dsym";
				ENABLE_NS_ASSERTIONS = NO;
				ENABLE_STRICT_OBJC_MSGSEND = YES;
				GCC_C_LANGUAGE_STANDARD = gnu11;
				GCC_NO_COMMON_BLOCKS = YES;
				GCC_WARN_64_TO_32_BIT_CONVERSION = YES;
				GCC_WARN_ABOUT_RETURN_TYPE = YES_ERROR;
				GCC_WARN_UNDECLARED_SELECTOR = YES;
				GCC_WARN_UNINITIALIZED_AUTOS = YES_AGGRESSIVE;
				GCC_WARN_UNUSED_FUNCTION = YES;
				GCC_WARN_UNUSED_VARIABLE = YES;
				IPHONEOS_DEPLOYMENT_TARGET = 11.0;
				MTL_ENABLE_DEBUG_INFO = NO;
				SDKROOT = iphoneos;
				SWIFT_OPTIMIZATION_LEVEL = "-Owholemodule";
				VALIDATE_PRODUCT = YES;
			};
			name = Release;
		};
		F9D9183C1FADA9CF009DC0CE /* Debug */ = {
			isa = XCBuildConfiguration;
			buildSettings = {
				ASSETCATALOG_COMPILER_APPICON_NAME = AppIcon;
				CODE_SIGN_STYLE = Automatic;
				DEVELOPMENT_TEAM = Y792TLGM53;
				INFOPLIST_FILE = Demo2/Info.plist;
				LD_RUNPATH_SEARCH_PATHS = "$(inherited) @executable_path/Frameworks";
				PRODUCT_BUNDLE_IDENTIFIER = "kwl-2017.Demo2";
				PRODUCT_NAME = "$(TARGET_NAME)";
				SWIFT_VERSION = 4.0;
				TARGETED_DEVICE_FAMILY = "1,2";
			};
			name = Debug;
		};
		F9D9183D1FADA9CF009DC0CE /* Release */ = {
			isa = XCBuildConfiguration;
			buildSettings = {
				ASSETCATALOG_COMPILER_APPICON_NAME = AppIcon;
				CODE_SIGN_STYLE = Automatic;
				DEVELOPMENT_TEAM = Y792TLGM53;
				INFOPLIST_FILE = Demo2/Info.plist;
				LD_RUNPATH_SEARCH_PATHS = "$(inherited) @executable_path/Frameworks";
				PRODUCT_BUNDLE_IDENTIFIER = "kwl-2017.Demo2";
				PRODUCT_NAME = "$(TARGET_NAME)";
				SWIFT_VERSION = 4.0;
				TARGETED_DEVICE_FAMILY = "1,2";
			};
			name = Release;
		};
		F9D9183F1FADA9CF009DC0CE /* Debug */ = {
			isa = XCBuildConfiguration;
			buildSettings = {
				ALWAYS_EMBED_SWIFT_STANDARD_LIBRARIES = YES;
				BUNDLE_LOADER = "$(TEST_HOST)";
				CODE_SIGN_STYLE = Automatic;
				DEVELOPMENT_TEAM = Y792TLGM53;
				INFOPLIST_FILE = Demo2Tests/Info.plist;
				LD_RUNPATH_SEARCH_PATHS = "$(inherited) @executable_path/Frameworks @loader_path/Frameworks";
				PRODUCT_BUNDLE_IDENTIFIER = "kwl-2017.Demo2Tests";
				PRODUCT_NAME = "$(TARGET_NAME)";
				SWIFT_VERSION = 4.0;
				TARGETED_DEVICE_FAMILY = "1,2";
				TEST_HOST = "$(BUILT_PRODUCTS_DIR)/Demo2.app/Demo2";
			};
			name = Debug;
		};
		F9D918401FADA9CF009DC0CE /* Release */ = {
			isa = XCBuildConfiguration;
			buildSettings = {
				ALWAYS_EMBED_SWIFT_STANDARD_LIBRARIES = YES;
				BUNDLE_LOADER = "$(TEST_HOST)";
				CODE_SIGN_STYLE = Automatic;
				DEVELOPMENT_TEAM = Y792TLGM53;
				INFOPLIST_FILE = Demo2Tests/Info.plist;
				LD_RUNPATH_SEARCH_PATHS = "$(inherited) @executable_path/Frameworks @loader_path/Frameworks";
				PRODUCT_BUNDLE_IDENTIFIER = "kwl-2017.Demo2Tests";
				PRODUCT_NAME = "$(TARGET_NAME)";
				SWIFT_VERSION = 4.0;
				TARGETED_DEVICE_FAMILY = "1,2";
				TEST_HOST = "$(BUILT_PRODUCTS_DIR)/Demo2.app/Demo2";
			};
			name = Release;
		};
		F9D918421FADA9CF009DC0CE /* Debug */ = {
			isa = XCBuildConfiguration;
			buildSettings = {
				ALWAYS_EMBED_SWIFT_STANDARD_LIBRARIES = YES;
				CODE_SIGN_STYLE = Automatic;
				DEVELOPMENT_TEAM = Y792TLGM53;
				INFOPLIST_FILE = Demo2UITests/Info.plist;
				LD_RUNPATH_SEARCH_PATHS = "$(inherited) @executable_path/Frameworks @loader_path/Frameworks";
				PRODUCT_BUNDLE_IDENTIFIER = "kwl-2017.Demo2UITests";
				PRODUCT_NAME = "$(TARGET_NAME)";
				SWIFT_VERSION = 4.0;
				TARGETED_DEVICE_FAMILY = "1,2";
				TEST_TARGET_NAME = Demo2;
			};
			name = Debug;
		};
		F9D918431FADA9CF009DC0CE /* Release */ = {
			isa = XCBuildConfiguration;
			buildSettings = {
				ALWAYS_EMBED_SWIFT_STANDARD_LIBRARIES = YES;
				CODE_SIGN_STYLE = Automatic;
				DEVELOPMENT_TEAM = Y792TLGM53;
				INFOPLIST_FILE = Demo2UITests/Info.plist;
				LD_RUNPATH_SEARCH_PATHS = "$(inherited) @executable_path/Frameworks @loader_path/Frameworks";
				PRODUCT_BUNDLE_IDENTIFIER = "kwl-2017.Demo2UITests";
				PRODUCT_NAME = "$(TARGET_NAME)";
				SWIFT_VERSION = 4.0;
				TARGETED_DEVICE_FAMILY = "1,2";
				TEST_TARGET_NAME = Demo2;
			};
			name = Release;
		};
/* End XCBuildConfiguration section */

/* Begin XCConfigurationList section */
		F9D9180E1FADA9CF009DC0CE /* Build configuration list for PBXProject "Demo2" */ = {
			isa = XCConfigurationList;
			buildConfigurations = (
				F9D918391FADA9CF009DC0CE /* Debug */,
				F9D9183A1FADA9CF009DC0CE /* Release */,
			);
			defaultConfigurationIsVisible = 0;
			defaultConfigurationName = Release;
		};
		F9D9183B1FADA9CF009DC0CE /* Build configuration list for PBXNativeTarget "Demo2" */ = {
			isa = XCConfigurationList;
			buildConfigurations = (
				F9D9183C1FADA9CF009DC0CE /* Debug */,
				F9D9183D1FADA9CF009DC0CE /* Release */,
			);
			defaultConfigurationIsVisible = 0;
			defaultConfigurationName = Release;
		};
		F9D9183E1FADA9CF009DC0CE /* Build configuration list for PBXNativeTarget "Demo2Tests" */ = {
			isa = XCConfigurationList;
			buildConfigurations = (
				F9D9183F1FADA9CF009DC0CE /* Debug */,
				F9D918401FADA9CF009DC0CE /* Release */,
			);
			defaultConfigurationIsVisible = 0;
			defaultConfigurationName = Release;
		};
		F9D918411FADA9CF009DC0CE /* Build configuration list for PBXNativeTarget "Demo2UITests" */ = {
			isa = XCConfigurationList;
			buildConfigurations = (
				F9D918421FADA9CF009DC0CE /* Debug */,
				F9D918431FADA9CF009DC0CE /* Release */,
			);
			defaultConfigurationIsVisible = 0;
			defaultConfigurationName = Release;
		};
/* End XCConfigurationList section */
	};
	rootObject = F9D9180B1FADA9CF009DC0CE /* Project object */;
}
